
Microsoft Visual Studio Solution File, Format Version 12.00
# Visual Studio Version 17
VisualStudioVersion = 17.0.31903.59
MinimumVisualStudioVersion = 10.0.40219.1
Project("{FAE04EC0-301F-11D3-BF4B-00C04F79EFBC}") = "Outlinectl.Core", "0-Base\Outlinectl.Core\Outlinectl.Core.csproj", "{9C089EC9-C227-4333-9048-CB22EFD964AA}"
EndProject
Project("{FAE04EC0-301F-11D3-BF4B-00C04F79EFBC}") = "Outlinectl.Api", "4-Persistence\Outlinectl.Api\Outlinectl.Api.csproj", "{E94EFD93-EF3F-4806-888E-2A7A7E870F14}"
EndProject
Project("{FAE04EC0-301F-11D3-BF4B-00C04F79EFBC}") = "Outlinectl.Storage", "4-Persistence\Outlinectl.Storage\Outlinectl.Storage.csproj", "{0375E1A1-EF8D-4D7E-BBBC-A6DB59ED04C5}"
EndProject
Project("{FAE04EC0-301F-11D3-BF4B-00C04F79EFBC}") = "Outlinectl.Cli", "1-Presentation\Outlinectl.Cli\Outlinectl.Cli.csproj", "{833C797D-3D55-48E3-A876-0785A9CA055E}"
EndProject
Project("{FAE04EC0-301F-11D3-BF4B-00C04F79EFBC}") = "Outlinectl.Tests", "5-Tests\Outlinectl.Tests\Outlinectl.Tests.csproj", "{944A6521-AE95-4136-BABB-1F5752253C6C}"
EndProject
Global
	GlobalSection(SolutionConfigurationPlatforms) = preSolution
		Debug|Any CPU = Debug|Any CPU
		Debug|x64 = Debug|x64
		Debug|x86 = Debug|x86
		Release|Any CPU = Release|Any CPU
		Release|x64 = Release|x64
		Release|x86 = Release|x86
	EndGlobalSection
	GlobalSection(ProjectConfigurationPlatforms) = postSolution
		{9C089EC9-C227-4333-9048-CB22EFD964AA}.Debug|Any CPU.ActiveCfg = Debug|Any CPU
		{9C089EC9-C227-4333-9048-CB22EFD964AA}.Debug|Any CPU.Build.0 = Debug|Any CPU
		{9C089EC9-C227-4333-9048-CB22EFD964AA}.Debug|x64.ActiveCfg = Debug|Any CPU
		{9C089EC9-C227-4333-9048-CB22EFD964AA}.Debug|x64.Build.0 = Debug|Any CPU
		{9C089EC9-C227-4333-9048-CB22EFD964AA}.Debug|x86.ActiveCfg = Debug|Any CPU
		{9C089EC9-C227-4333-9048-CB22EFD964AA}.Debug|x86.Build.0 = Debug|Any CPU
		{9C089EC9-C227-4333-9048-CB22EFD964AA}.Release|Any CPU.ActiveCfg = Release|Any CPU
		{9C089EC9-C227-4333-9048-CB22EFD964AA}.Release|Any CPU.Build.0 = Release|Any CPU
		{9C089EC9-C227-4333-9048-CB22EFD964AA}.Release|x64.ActiveCfg = Release|Any CPU
		{9C089EC9-C227-4333-9048-CB22EFD964AA}.Release|x64.Build.0 = Release|Any CPU
		{9C089EC9-C227-4333-9048-CB22EFD964AA}.Release|x86.ActiveCfg = Release|Any CPU
		{9C089EC9-C227-4333-9048-CB22EFD964AA}.Release|x86.Build.0 = Release|Any CPU
		{E94EFD93-EF3F-4806-888E-2A7A7E870F14}.Debug|Any CPU.ActiveCfg = Debug|Any CPU
		{E94EFD93-EF3F-4806-888E-2A7A7E870F14}.Debug|Any CPU.Build.0 = Debug|Any CPU
		{E94EFD93-EF3F-4806-888E-2A7A7E870F14}.Debug|x64.ActiveCfg = Debug|Any CPU
		{E94EFD93-EF3F-4806-888E-2A7A7E870F14}.Debug|x64.Build.0 = Debug|Any CPU
		{E94EFD93-EF3F-4806-888E-2A7A7E870F14}.Debug|x86.ActiveCfg = Debug|Any CPU
		{E94EFD93-EF3F-4806-888E-2A7A7E870F14}.Debug|x86.Build.0 = Debug|Any CPU
		{E94EFD93-EF3F-4806-888E-2A7A7E870F14}.Release|Any CPU.ActiveCfg = Release|Any CPU
		{E94EFD93-EF3F-4806-888E-2A7A7E870F14}.Release|Any CPU.Build.0 = Release|Any CPU
		{E94EFD93-EF3F-4806-888E-2A7A7E870F14}.Release|x64.ActiveCfg = Release|Any CPU
		{E94EFD93-EF3F-4806-888E-2A7A7E870F14}.Release|x64.Build.0 = Release|Any CPU
		{E94EFD93-EF3F-4806-888E-2A7A7E870F14}.Release|x86.ActiveCfg = Release|Any CPU
		{E94EFD93-EF3F-4806-888E-2A7A7E870F14}.Release|x86.Build.0 = Release|Any CPU
		{0375E1A1-EF8D-4D7E-BBBC-A6DB59ED04C5}.Debug|Any CPU.ActiveCfg = Debug|Any CPU
		{0375E1A1-EF8D-4D7E-BBBC-A6DB59ED04C5}.Debug|Any CPU.Build.0 = Debug|Any CPU
		{0375E1A1-EF8D-4D7E-BBBC-A6DB59ED04C5}.Debug|x64.ActiveCfg = Debug|Any CPU
		{0375E1A1-EF8D-4D7E-BBBC-A6DB59ED04C5}.Debug|x64.Build.0 = Debug|Any CPU
		{0375E1A1-EF8D-4D7E-BBBC-A6DB59ED04C5}.Debug|x86.ActiveCfg = Debug|Any CPU
		{0375E1A1-EF8D-4D7E-BBBC-A6DB59ED04C5}.Debug|x86.Build.0 = Debug|Any CPU
		{0375E1A1-EF8D-4D7E-BBBC-A6DB59ED04C5}.Release|Any CPU.ActiveCfg = Release|Any CPU
		{0375E1A1-EF8D-4D7E-BBBC-A6DB59ED04C5}.Release|Any CPU.Build.0 = Release|Any CPU
		{0375E1A1-EF8D-4D7E-BBBC-A6DB59ED04C5}.Release|x64.ActiveCfg = Release|Any CPU
		{0375E1A1-EF8D-4D7E-BBBC-A6DB59ED04C5}.Release|x64.Build.0 = Release|Any CPU
		{0375E1A1-EF8D-4D7E-BBBC-A6DB59ED04C5}.Release|x86.ActiveCfg = Release|Any CPU
		{0375E1A1-EF8D-4D7E-BBBC-A6DB59ED04C5}.Release|x86.Build.0 = Release|Any CPU
		{833C797D-3D55-48E3-A876-0785A9CA055E}.Debug|Any CPU.ActiveCfg = Debug|Any CPU
		{833C797D-3D55-48E3-A876-0785A9CA055E}.Debug|Any CPU.Build.0 = Debug|Any CPU
		{833C797D-3D55-48E3-A876-0785A9CA055E}.Debug|x64.ActiveCfg = Debug|Any CPU
		{833C797D-3D55-48E3-A876-0785A9CA055E}.Debug|x64.Build.0 = Debug|Any CPU
		{833C797D-3D55-48E3-A876-0785A9CA055E}.Debug|x86.ActiveCfg = Debug|Any CPU
		{833C797D-3D55-48E3-A876-0785A9CA055E}.Debug|x86.Build.0 = Debug|Any CPU
		{833C797D-3D55-48E3-A876-0785A9CA055E}.Release|Any CPU.ActiveCfg = Release|Any CPU
		{833C797D-3D55-48E3-A876-0785A9CA055E}.Release|Any CPU.Build.0 = Release|Any CPU
		{833C797D-3D55-48E3-A876-0785A9CA055E}.Release|x64.ActiveCfg = Release|Any CPU
		{833C797D-3D55-48E3-A876-0785A9CA055E}.Release|x64.Build.0 = Release|Any CPU
		{833C797D-3D55-48E3-A876-0785A9CA055E}.Release|x86.ActiveCfg = Release|Any CPU
		{833C797D-3D55-48E3-A876-0785A9CA055E}.Release|x86.Build.0 = Release|Any CPU
		{944A6521-AE95-4136-BABB-1F5752253C6C}.Debug|Any CPU.ActiveCfg = Debug|Any CPU
		{944A6521-AE95-4136-BABB-1F5752253C6C}.Debug|Any CPU.Build.0 = Debug|Any CPU
		{944A6521-AE95-4136-BABB-1F5752253C6C}.Debug|x64.ActiveCfg = Debug|Any CPU
		{944A6521-AE95-4136-BABB-1F5752253C6C}.Debug|x64.Build.0 = Debug|Any CPU
		{944A6521-AE95-4136-BABB-1F5752253C6C}.Debug|x86.ActiveCfg = Debug|Any CPU
		{944A6521-AE95-4136-BABB-1F5752253C6C}.Debug|x86.Build.0 = Debug|Any CPU
		{944A6521-AE95-4136-BABB-1F5752253C6C}.Release|Any CPU.ActiveCfg = Release|Any CPU
		{944A6521-AE95-4136-BABB-1F5752253C6C}.Release|Any CPU.Build.0 = Release|Any CPU
		{944A6521-AE95-4136-BABB-1F5752253C6C}.Release|x64.ActiveCfg = Release|Any CPU
		{944A6521-AE95-4136-BABB-1F5752253C6C}.Release|x64.Build.0 = Release|Any CPU
		{944A6521-AE95-4136-BABB-1F5752253C6C}.Release|x86.ActiveCfg = Release|Any CPU
		{944A6521-AE95-4136-BABB-1F5752253C6C}.Release|x86.Build.0 = Release|Any CPU
	EndGlobalSection
	GlobalSection(SolutionProperties) = preSolution
		HideSolutionNode = FALSE
	EndGlobalSection
EndGlobal
